
Microsoft Visual Studio Solution File, Format Version 12.00
# Visual Studio 14
VisualStudioVersion = 14.0.25420.1
MinimumVisualStudioVersion = 10.0.40219.1
Project("{2150E333-8FDC-42A3-9474-1A3956D46DE8}") = "src", "src", "{2832D931-3E3E-4985-8E73-B8C84A605D44}"
EndProject
Project("{2150E333-8FDC-42A3-9474-1A3956D46DE8}") = "Solution Items", "Solution Items", "{E1BFBA31-97D9-4A77-8EEC-B7B92F2E0C62}"
	ProjectSection(SolutionItems) = preProject
		global.json = global.json
	EndProjectSection
EndProject
Project("{8BB2217D-0F2D-49D1-97BC-3654ED321F3B}") = "Example1", "src\Example1\Example1.xproj", "{1885BE73-2A6F-4D1C-8632-A768A3A5794A}"
EndProject
Global
	GlobalSection(SolutionConfigurationPlatforms) = preSolution
		Debug|Any CPU = Debug|Any CPU
		Release|Any CPU = Release|Any CPU
	EndGlobalSection
	GlobalSection(ProjectConfigurationPlatforms) = postSolution
		{1885BE73-2A6F-4D1C-8632-A768A3A5794A}.Debug|Any CPU.ActiveCfg = Debug|Any CPU
		{1885BE73-2A6F-4D1C-8632-A768A3A5794A}.Debug|Any CPU.Build.0 = Debug|Any CPU
		{1885BE73-2A6F-4D1C-8632-A768A3A5794A}.Release|Any CPU.ActiveCfg = Release|Any CPU
		{1885BE73-2A6F-4D1C-8632-A768A3A5794A}.Release|Any CPU.Build.0 = Release|Any CPU
	EndGlobalSection
	GlobalSection(SolutionProperties) = preSolution
		HideSolutionNode = FALSE
	EndGlobalSection
	GlobalSection(NestedProjects) = preSolution
		{1885BE73-2A6F-4D1C-8632-A768A3A5794A} = {2832D931-3E3E-4985-8E73-B8C84A605D44}
	EndGlobalSection
EndGlobal
